
Microsoft Visual Studio Solution File, Format Version 12.00
# Visual Studio Version 17
VisualStudioVersion = 17.6.33723.286
MinimumVisualStudioVersion = 10.0.40219.1
Project("{FAE04EC0-301F-11D3-BF4B-00C04F79EFBC}") = "Shooping", "Shooping\Shooping.csproj", "{556E2F25-70B1-43D2-9766-56F4E5CDDB14}"
EndProject
Global
	GlobalSection(SolutionConfigurationPlatforms) = preSolution
		Debug|Any CPU = Debug|Any CPU
		Release|Any CPU = Release|Any CPU
	EndGlobalSection
	GlobalSection(ProjectConfigurationPlatforms) = postSolution
		{556E2F25-70B1-43D2-9766-56F4E5CDDB14}.Debug|Any CPU.ActiveCfg = Debug|Any CPU
		{556E2F25-70B1-43D2-9766-56F4E5CDDB14}.Debug|Any CPU.Build.0 = Debug|Any CPU
		{556E2F25-70B1-43D2-9766-56F4E5CDDB14}.Release|Any CPU.ActiveCfg = Release|Any CPU
		{556E2F25-70B1-43D2-9766-56F4E5CDDB14}.Release|Any CPU.Build.0 = Release|Any CPU
	EndGlobalSection
	GlobalSection(SolutionProperties) = preSolution
		HideSolutionNode = FALSE
	EndGlobalSection
	GlobalSection(ExtensibilityGlobals) = postSolution
		SolutionGuid = {345C9ED9-B1D9-405A-B249-642142F0408B}
	EndGlobalSection
EndGlobal
